
Microsoft Visual Studio Solution File, Format Version 11.00
# Visual Studio 2010
Project("{FAE04EC0-301F-11D3-BF4B-00C04F79EFBC}") = "QED2.02", "QED2.02.csproj", "{0B70D966-9E8F-413A-A6C1-AA994759162A}"
EndProject
Global
	GlobalSection(SolutionConfigurationPlatforms) = preSolution
		Debug|Any CPU = Debug|Any CPU
		Release|Any CPU = Release|Any CPU
	EndGlobalSection
	GlobalSection(ProjectConfigurationPlatforms) = postSolution
		{0B70D966-9E8F-413A-A6C1-AA994759162A}.Debug|Any CPU.ActiveCfg = Debug|Any CPU
		{0B70D966-9E8F-413A-A6C1-AA994759162A}.Debug|Any CPU.Build.0 = Debug|Any CPU
		{0B70D966-9E8F-413A-A6C1-AA994759162A}.Release|Any CPU.ActiveCfg = Release|Any CPU
		{0B70D966-9E8F-413A-A6C1-AA994759162A}.Release|Any CPU.Build.0 = Release|Any CPU
	EndGlobalSection
	GlobalSection(SolutionProperties) = preSolution
		HideSolutionNode = FALSE
	EndGlobalSection
EndGlobal
